
Microsoft Visual Studio Solution File, Format Version 12.00
# Visual Studio Version 17
VisualStudioVersion = 17.5.33424.131
MinimumVisualStudioVersion = 10.0.40219.1
Project("{FAE04EC0-301F-11D3-BF4B-00C04F79EFBC}") = "GSTAgroEcommerce", "GSTAgroEcommerce\GSTAgroEcommerce.csproj", "{A67019CF-7B4F-4269-A155-FF474DCDCFE2}"
EndProject
Project("{FAE04EC0-301F-11D3-BF4B-00C04F79EFBC}") = "AgroEcommerceLibrary", "AgroEcommerceLibrary\AgroEcommerceLibrary.csproj", "{ABEFB971-78C0-46EE-9C9A-87948E98748C}"
EndProject
Global
	GlobalSection(SolutionConfigurationPlatforms) = preSolution
		Debug|Any CPU = Debug|Any CPU
		Release|Any CPU = Release|Any CPU
	EndGlobalSection
	GlobalSection(ProjectConfigurationPlatforms) = postSolution
		{A67019CF-7B4F-4269-A155-FF474DCDCFE2}.Debug|Any CPU.ActiveCfg = Debug|Any CPU
		{A67019CF-7B4F-4269-A155-FF474DCDCFE2}.Debug|Any CPU.Build.0 = Debug|Any CPU
		{A67019CF-7B4F-4269-A155-FF474DCDCFE2}.Release|Any CPU.ActiveCfg = Release|Any CPU
		{A67019CF-7B4F-4269-A155-FF474DCDCFE2}.Release|Any CPU.Build.0 = Release|Any CPU
		{ABEFB971-78C0-46EE-9C9A-87948E98748C}.Debug|Any CPU.ActiveCfg = Debug|Any CPU
		{ABEFB971-78C0-46EE-9C9A-87948E98748C}.Debug|Any CPU.Build.0 = Debug|Any CPU
		{ABEFB971-78C0-46EE-9C9A-87948E98748C}.Release|Any CPU.ActiveCfg = Release|Any CPU
		{ABEFB971-78C0-46EE-9C9A-87948E98748C}.Release|Any CPU.Build.0 = Release|Any CPU
	EndGlobalSection
	GlobalSection(SolutionProperties) = preSolution
		HideSolutionNode = FALSE
	EndGlobalSection
	GlobalSection(ExtensibilityGlobals) = postSolution
		SolutionGuid = {D92A06DE-18C5-47A8-B05E-FBB21CBD7E74}
	EndGlobalSection
EndGlobal
